
Microsoft Visual Studio Solution File, Format Version 12.00
# Visual Studio 15
VisualStudioVersion = 15.0.27703.2000
MinimumVisualStudioVersion = 10.0.40219.1
Project("{FAE04EC0-301F-11D3-BF4B-00C04F79EFBC}") = "EmployeeServiceWithAPI", "EmployeeServiceWithAPI\EmployeeServiceWithAPI.csproj", "{A64F22E7-33D1-495C-8B40-BB68A5BAB4AB}"
EndProject
Global
	GlobalSection(SolutionConfigurationPlatforms) = preSolution
		Debug|Any CPU = Debug|Any CPU
		Release|Any CPU = Release|Any CPU
	EndGlobalSection
	GlobalSection(ProjectConfigurationPlatforms) = postSolution
		{A64F22E7-33D1-495C-8B40-BB68A5BAB4AB}.Debug|Any CPU.ActiveCfg = Debug|Any CPU
		{A64F22E7-33D1-495C-8B40-BB68A5BAB4AB}.Debug|Any CPU.Build.0 = Debug|Any CPU
		{A64F22E7-33D1-495C-8B40-BB68A5BAB4AB}.Release|Any CPU.ActiveCfg = Release|Any CPU
		{A64F22E7-33D1-495C-8B40-BB68A5BAB4AB}.Release|Any CPU.Build.0 = Release|Any CPU
	EndGlobalSection
	GlobalSection(SolutionProperties) = preSolution
		HideSolutionNode = FALSE
	EndGlobalSection
	GlobalSection(ExtensibilityGlobals) = postSolution
		SolutionGuid = {78FE6DCF-21EB-475E-8AC5-3FD6D43A7DEB}
	EndGlobalSection
EndGlobal
